// !$*UTF8*$!
{
	archiveVersion = 1;
	classes = {
	};
	objectVersion = 77;
	objects = {

/* Begin PBXBuildFile section */
		D093E2E32CAF95C00071EEAC /* radikoppSafari Extension.appex in Embed Foundation Extensions */ = {isa = PBXBuildFile; fileRef = D093E2E22CAF95C00071EEAC /* radikoppSafari Extension.appex */; settings = {ATTRIBUTES = (RemoveHeadersOnCopy, ); }; };
		D093E2ED2CAF95C00071EEAC /* radikoppSafari Extension.appex in Embed Foundation Extensions */ = {isa = PBXBuildFile; fileRef = D093E2EC2CAF95C00071EEAC /* radikoppSafari Extension.appex */; settings = {ATTRIBUTES = (RemoveHeadersOnCopy, ); }; };
/* End PBXBuildFile section */

/* Begin PBXContainerItemProxy section */
		D093E2E42CAF95C00071EEAC /* PBXContainerItemProxy */ = {
			isa = PBXContainerItemProxy;
			containerPortal = D093E2A82CAF95BE0071EEAC /* Project object */;
			proxyType = 1;
			remoteGlobalIDString = D093E2E12CAF95C00071EEAC;
			remoteInfo = "radikoppSafari Extension (iOS)";
		};
		D093E2EE2CAF95C00071EEAC /* PBXContainerItemProxy */ = {
			isa = PBXContainerItemProxy;
			containerPortal = D093E2A82CAF95BE0071EEAC /* Project object */;
			proxyType = 1;
			remoteGlobalIDString = D093E2EB2CAF95C00071EEAC;
			remoteInfo = "radikoppSafari Extension (macOS)";
		};
/* End PBXContainerItemProxy section */

/* Begin PBXCopyFilesBuildPhase section */
		D093E3162CAF95C00071EEAC /* Embed Foundation Extensions */ = {
			isa = PBXCopyFilesBuildPhase;
			buildActionMask = 2147483647;
			dstPath = "";
			dstSubfolderSpec = 13;
			files = (
				D093E2E32CAF95C00071EEAC /* radikoppSafari Extension.appex in Embed Foundation Extensions */,
			);
			name = "Embed Foundation Extensions";
			runOnlyForDeploymentPostprocessing = 0;
		};
		D093E3202CAF95C00071EEAC /* Embed Foundation Extensions */ = {
			isa = PBXCopyFilesBuildPhase;
			buildActionMask = 2147483647;
			dstPath = "";
			dstSubfolderSpec = 13;
			files = (
				D093E2ED2CAF95C00071EEAC /* radikoppSafari Extension.appex in Embed Foundation Extensions */,
			);
			name = "Embed Foundation Extensions";
			runOnlyForDeploymentPostprocessing = 0;
		};
/* End PBXCopyFilesBuildPhase section */

/* Begin PBXFileReference section */
		D093E2C42CAF95C00071EEAC /* radikoppSafari.app */ = {isa = PBXFileReference; explicitFileType = wrapper.application; includeInIndex = 0; path = radikoppSafari.app; sourceTree = BUILT_PRODUCTS_DIR; };
		D093E2D62CAF95C00071EEAC /* radikoppSafari.app */ = {isa = PBXFileReference; explicitFileType = wrapper.application; includeInIndex = 0; path = radikoppSafari.app; sourceTree = BUILT_PRODUCTS_DIR; };
		D093E2E22CAF95C00071EEAC /* radikoppSafari Extension.appex */ = {isa = PBXFileReference; explicitFileType = "wrapper.app-extension"; includeInIndex = 0; path = "radikoppSafari Extension.appex"; sourceTree = BUILT_PRODUCTS_DIR; };
		D093E2EC2CAF95C00071EEAC /* radikoppSafari Extension.appex */ = {isa = PBXFileReference; explicitFileType = "wrapper.app-extension"; includeInIndex = 0; path = "radikoppSafari Extension.appex"; sourceTree = BUILT_PRODUCTS_DIR; };
/* End PBXFileReference section */

/* Begin PBXFileSystemSynchronizedBuildFileExceptionSet section */
		D093E3112CAF95C00071EEAC /* Exceptions for "Shared (App)" folder in "radikoppSafari (iOS)" target */ = {
			isa = PBXFileSystemSynchronizedBuildFileExceptionSet;
			membershipExceptions = (
				"/Localized: Resources/Main.html",
				Assets.xcassets,
				Resources/Icon.png,
				Resources/Script.js,
				Resources/Style.css,
				ViewController.swift,
			);
			target = D093E2C32CAF95C00071EEAC /* radikoppSafari (iOS) */;
		};
		D093E3152CAF95C00071EEAC /* Exceptions for "iOS (Extension)" folder in "radikoppSafari Extension (iOS)" target */ = {
			isa = PBXFileSystemSynchronizedBuildFileExceptionSet;
			membershipExceptions = (
				Info.plist,
			);
			target = D093E2E12CAF95C00071EEAC /* radikoppSafari Extension (iOS) */;
		};
		D093E31A2CAF95C00071EEAC /* Exceptions for "iOS (App)" folder in "radikoppSafari (iOS)" target */ = {
			isa = PBXFileSystemSynchronizedBuildFileExceptionSet;
			membershipExceptions = (
				Info.plist,
			);
			target = D093E2C32CAF95C00071EEAC /* radikoppSafari (iOS) */;
		};
		D093E31B2CAF95C00071EEAC /* Exceptions for "Shared (App)" folder in "radikoppSafari (macOS)" target */ = {
			isa = PBXFileSystemSynchronizedBuildFileExceptionSet;
			membershipExceptions = (
				"/Localized: Resources/Main.html",
				Assets.xcassets,
				Resources/Icon.png,
				Resources/Script.js,
				Resources/Style.css,
				ViewController.swift,
			);
			target = D093E2D52CAF95C00071EEAC /* radikoppSafari (macOS) */;
		};
		D093E31F2CAF95C00071EEAC /* Exceptions for "macOS (Extension)" folder in "radikoppSafari Extension (macOS)" target */ = {
			isa = PBXFileSystemSynchronizedBuildFileExceptionSet;
			membershipExceptions = (
				Info.plist,
			);
			target = D093E2EB2CAF95C00071EEAC /* radikoppSafari Extension (macOS) */;
		};
		D093E3242CAF95C00071EEAC /* Exceptions for "Shared (Extension)" folder in "radikoppSafari Extension (iOS)" target */ = {
			isa = PBXFileSystemSynchronizedBuildFileExceptionSet;
			membershipExceptions = (
				Resources/_locales,
				Resources/background.js,
				Resources/content.js,
				Resources/images,
				Resources/manifest.json,
				Resources/popup.css,
				Resources/popup.html,
				Resources/popup.js,
				SafariWebExtensionHandler.swift,
			);
			target = D093E2E12CAF95C00071EEAC /* radikoppSafari Extension (iOS) */;
		};
		D093E3252CAF95C00071EEAC /* Exceptions for "Shared (Extension)" folder in "radikoppSafari Extension (macOS)" target */ = {
			isa = PBXFileSystemSynchronizedBuildFileExceptionSet;
			membershipExceptions = (
				Resources/_locales,
				Resources/background.js,
				Resources/content.js,
				Resources/images,
				Resources/manifest.json,
				Resources/popup.css,
				Resources/popup.html,
				Resources/popup.js,
				SafariWebExtensionHandler.swift,
			);
			target = D093E2EB2CAF95C00071EEAC /* radikoppSafari Extension (macOS) */;
		};
/* End PBXFileSystemSynchronizedBuildFileExceptionSet section */

/* Begin PBXFileSystemSynchronizedRootGroup section */
		D093E2AC2CAF95BE0071EEAC /* Shared (App) */ = {
			isa = PBXFileSystemSynchronizedRootGroup;
			exceptions = (
				D093E3112CAF95C00071EEAC /* Exceptions for "Shared (App)" folder in "radikoppSafari (iOS)" target */,
				D093E31B2CAF95C00071EEAC /* Exceptions for "Shared (App)" folder in "radikoppSafari (macOS)" target */,
			);
			path = "Shared (App)";
			sourceTree = "<group>";
		};
		D093E2B52CAF95C00071EEAC /* Shared (Extension) */ = {
			isa = PBXFileSystemSynchronizedRootGroup;
			exceptions = (
				D093E3242CAF95C00071EEAC /* Exceptions for "Shared (Extension)" folder in "radikoppSafari Extension (iOS)" target */,
				D093E3252CAF95C00071EEAC /* Exceptions for "Shared (Extension)" folder in "radikoppSafari Extension (macOS)" target */,
			);
			explicitFolders = (
				Resources/_locales,
				Resources/images,
			);
			path = "Shared (Extension)";
			sourceTree = "<group>";
		};
		D093E2C62CAF95C00071EEAC /* iOS (App) */ = {
			isa = PBXFileSystemSynchronizedRootGroup;
			exceptions = (
				D093E31A2CAF95C00071EEAC /* Exceptions for "iOS (App)" folder in "radikoppSafari (iOS)" target */,
			);
			path = "iOS (App)";
			sourceTree = "<group>";
		};
		D093E2D72CAF95C00071EEAC /* macOS (App) */ = {
			isa = PBXFileSystemSynchronizedRootGroup;
			path = "macOS (App)";
			sourceTree = "<group>";
		};
		D093E2E62CAF95C00071EEAC /* iOS (Extension) */ = {
			isa = PBXFileSystemSynchronizedRootGroup;
			exceptions = (
				D093E3152CAF95C00071EEAC /* Exceptions for "iOS (Extension)" folder in "radikoppSafari Extension (iOS)" target */,
			);
			path = "iOS (Extension)";
			sourceTree = "<group>";
		};
		D093E2F02CAF95C00071EEAC /* macOS (Extension) */ = {
			isa = PBXFileSystemSynchronizedRootGroup;
			exceptions = (
				D093E31F2CAF95C00071EEAC /* Exceptions for "macOS (Extension)" folder in "radikoppSafari Extension (macOS)" target */,
			);
			path = "macOS (Extension)";
			sourceTree = "<group>";
		};
/* End PBXFileSystemSynchronizedRootGroup section */

/* Begin PBXFrameworksBuildPhase section */
		D093E2C12CAF95C00071EEAC /* Frameworks */ = {
			isa = PBXFrameworksBuildPhase;
			buildActionMask = 2147483647;
			files = (
			);
			runOnlyForDeploymentPostprocessing = 0;
		};
		D093E2D32CAF95C00071EEAC /* Frameworks */ = {
			isa = PBXFrameworksBuildPhase;
			buildActionMask = 2147483647;
			files = (
			);
			runOnlyForDeploymentPostprocessing = 0;
		};
		D093E2DF2CAF95C00071EEAC /* Frameworks */ = {
			isa = PBXFrameworksBuildPhase;
			buildActionMask = 2147483647;
			files = (
			);
			runOnlyForDeploymentPostprocessing = 0;
		};
		D093E2E92CAF95C00071EEAC /* Frameworks */ = {
			isa = PBXFrameworksBuildPhase;
			buildActionMask = 2147483647;
			files = (
			);
			runOnlyForDeploymentPostprocessing = 0;
		};
/* End PBXFrameworksBuildPhase section */

/* Begin PBXGroup section */
		D093E2A72CAF95BE0071EEAC = {
			isa = PBXGroup;
			children = (
				D093E2AC2CAF95BE0071EEAC /* Shared (App) */,
				D093E2B52CAF95C00071EEAC /* Shared (Extension) */,
				D093E2C62CAF95C00071EEAC /* iOS (App) */,
				D093E2D72CAF95C00071EEAC /* macOS (App) */,
				D093E2E62CAF95C00071EEAC /* iOS (Extension) */,
				D093E2F02CAF95C00071EEAC /* macOS (Extension) */,
				D093E2C52CAF95C00071EEAC /* Products */,
			);
			sourceTree = "<group>";
		};
		D093E2C52CAF95C00071EEAC /* Products */ = {
			isa = PBXGroup;
			children = (
				D093E2C42CAF95C00071EEAC /* radikoppSafari.app */,
				D093E2D62CAF95C00071EEAC /* radikoppSafari.app */,
				D093E2E22CAF95C00071EEAC /* radikoppSafari Extension.appex */,
				D093E2EC2CAF95C00071EEAC /* radikoppSafari Extension.appex */,
			);
			name = Products;
			sourceTree = "<group>";
		};
/* End PBXGroup section */

/* Begin PBXNativeTarget section */
		D093E2C32CAF95C00071EEAC /* radikoppSafari (iOS) */ = {
			isa = PBXNativeTarget;
			buildConfigurationList = D093E3172CAF95C00071EEAC /* Build configuration list for PBXNativeTarget "radikoppSafari (iOS)" */;
			buildPhases = (
				D093E2C02CAF95C00071EEAC /* Sources */,
				D093E2C12CAF95C00071EEAC /* Frameworks */,
				D093E2C22CAF95C00071EEAC /* Resources */,
				D093E3162CAF95C00071EEAC /* Embed Foundation Extensions */,
			);
			buildRules = (
			);
			dependencies = (
				D093E2E52CAF95C00071EEAC /* PBXTargetDependency */,
			);
			fileSystemSynchronizedGroups = (
				D093E2C62CAF95C00071EEAC /* iOS (App) */,
			);
			name = "radikoppSafari (iOS)";
			packageProductDependencies = (
			);
			productName = "radikoppSafari (iOS)";
			productReference = D093E2C42CAF95C00071EEAC /* radikoppSafari.app */;
			productType = "com.apple.product-type.application";
		};
		D093E2D52CAF95C00071EEAC /* radikoppSafari (macOS) */ = {
			isa = PBXNativeTarget;
			buildConfigurationList = D093E3212CAF95C00071EEAC /* Build configuration list for PBXNativeTarget "radikoppSafari (macOS)" */;
			buildPhases = (
				D093E2D22CAF95C00071EEAC /* Sources */,
				D093E2D32CAF95C00071EEAC /* Frameworks */,
				D093E2D42CAF95C00071EEAC /* Resources */,
				D093E3202CAF95C00071EEAC /* Embed Foundation Extensions */,
			);
			buildRules = (
			);
			dependencies = (
				D093E2EF2CAF95C00071EEAC /* PBXTargetDependency */,
			);
			fileSystemSynchronizedGroups = (
				D093E2D72CAF95C00071EEAC /* macOS (App) */,
			);
			name = "radikoppSafari (macOS)";
			packageProductDependencies = (
			);
			productName = "radikoppSafari (macOS)";
			productReference = D093E2D62CAF95C00071EEAC /* radikoppSafari.app */;
			productType = "com.apple.product-type.application";
		};
		D093E2E12CAF95C00071EEAC /* radikoppSafari Extension (iOS) */ = {
			isa = PBXNativeTarget;
			buildConfigurationList = D093E3122CAF95C00071EEAC /* Build configuration list for PBXNativeTarget "radikoppSafari Extension (iOS)" */;
			buildPhases = (
				D093E2DE2CAF95C00071EEAC /* Sources */,
				D093E2DF2CAF95C00071EEAC /* Frameworks */,
				D093E2E02CAF95C00071EEAC /* Resources */,
			);
			buildRules = (
			);
			dependencies = (
			);
			fileSystemSynchronizedGroups = (
				D093E2E62CAF95C00071EEAC /* iOS (Extension) */,
			);
			name = "radikoppSafari Extension (iOS)";
			packageProductDependencies = (
			);
			productName = "radikoppSafari Extension (iOS)";
			productReference = D093E2E22CAF95C00071EEAC /* radikoppSafari Extension.appex */;
			productType = "com.apple.product-type.app-extension";
		};
		D093E2EB2CAF95C00071EEAC /* radikoppSafari Extension (macOS) */ = {
			isa = PBXNativeTarget;
			buildConfigurationList = D093E31C2CAF95C00071EEAC /* Build configuration list for PBXNativeTarget "radikoppSafari Extension (macOS)" */;
			buildPhases = (
				D093E2E82CAF95C00071EEAC /* Sources */,
				D093E2E92CAF95C00071EEAC /* Frameworks */,
				D093E2EA2CAF95C00071EEAC /* Resources */,
			);
			buildRules = (
			);
			dependencies = (
			);
			fileSystemSynchronizedGroups = (
				D093E2F02CAF95C00071EEAC /* macOS (Extension) */,
			);
			name = "radikoppSafari Extension (macOS)";
			packageProductDependencies = (
			);
			productName = "radikoppSafari Extension (macOS)";
			productReference = D093E2EC2CAF95C00071EEAC /* radikoppSafari Extension.appex */;
			productType = "com.apple.product-type.app-extension";
		};
/* End PBXNativeTarget section */

/* Begin PBXProject section */
		D093E2A82CAF95BE0071EEAC /* Project object */ = {
			isa = PBXProject;
			attributes = {
				BuildIndependentTargetsInParallel = 1;
				LastSwiftUpdateCheck = 1600;
				LastUpgradeCheck = 1600;
				TargetAttributes = {
					D093E2C32CAF95C00071EEAC = {
						CreatedOnToolsVersion = 16.0;
					};
					D093E2D52CAF95C00071EEAC = {
						CreatedOnToolsVersion = 16.0;
					};
					D093E2E12CAF95C00071EEAC = {
						CreatedOnToolsVersion = 16.0;
					};
					D093E2EB2CAF95C00071EEAC = {
						CreatedOnToolsVersion = 16.0;
					};
				};
			};
			buildConfigurationList = D093E2AB2CAF95BE0071EEAC /* Build configuration list for PBXProject "radikoppSafari" */;
			developmentRegion = en;
			hasScannedForEncodings = 0;
			knownRegions = (
				en,
				Base,
			);
			mainGroup = D093E2A72CAF95BE0071EEAC;
			minimizedProjectReferenceProxies = 1;
			preferredProjectObjectVersion = 77;
			productRefGroup = D093E2C52CAF95C00071EEAC /* Products */;
			projectDirPath = "";
			projectRoot = "";
			targets = (
				D093E2C32CAF95C00071EEAC /* radikoppSafari (iOS) */,
				D093E2D52CAF95C00071EEAC /* radikoppSafari (macOS) */,
				D093E2E12CAF95C00071EEAC /* radikoppSafari Extension (iOS) */,
				D093E2EB2CAF95C00071EEAC /* radikoppSafari Extension (macOS) */,
			);
		};
/* End PBXProject section */

/* Begin PBXResourcesBuildPhase section */
		D093E2C22CAF95C00071EEAC /* Resources */ = {
			isa = PBXResourcesBuildPhase;
			buildActionMask = 2147483647;
			files = (
			);
			runOnlyForDeploymentPostprocessing = 0;
		};
		D093E2D42CAF95C00071EEAC /* Resources */ = {
			isa = PBXResourcesBuildPhase;
			buildActionMask = 2147483647;
			files = (
			);
			runOnlyForDeploymentPostprocessing = 0;
		};
		D093E2E02CAF95C00071EEAC /* Resources */ = {
			isa = PBXResourcesBuildPhase;
			buildActionMask = 2147483647;
			files = (
			);
			runOnlyForDeploymentPostprocessing = 0;
		};
		D093E2EA2CAF95C00071EEAC /* Resources */ = {
			isa = PBXResourcesBuildPhase;
			buildActionMask = 2147483647;
			files = (
			);
			runOnlyForDeploymentPostprocessing = 0;
		};
/* End PBXResourcesBuildPhase section */

/* Begin PBXSourcesBuildPhase section */
		D093E2C02CAF95C00071EEAC /* Sources */ = {
			isa = PBXSourcesBuildPhase;
			buildActionMask = 2147483647;
			files = (
			);
			runOnlyForDeploymentPostprocessing = 0;
		};
		D093E2D22CAF95C00071EEAC /* Sources */ = {
			isa = PBXSourcesBuildPhase;
			buildActionMask = 2147483647;
			files = (
			);
			runOnlyForDeploymentPostprocessing = 0;
		};
		D093E2DE2CAF95C00071EEAC /* Sources */ = {
			isa = PBXSourcesBuildPhase;
			buildActionMask = 2147483647;
			files = (
			);
			runOnlyForDeploymentPostprocessing = 0;
		};
		D093E2E82CAF95C00071EEAC /* Sources */ = {
			isa = PBXSourcesBuildPhase;
			buildActionMask = 2147483647;
			files = (
			);
			runOnlyForDeploymentPostprocessing = 0;
		};
/* End PBXSourcesBuildPhase section */

/* Begin PBXTargetDependency section */
		D093E2E52CAF95C00071EEAC /* PBXTargetDependency */ = {
			isa = PBXTargetDependency;
			target = D093E2E12CAF95C00071EEAC /* radikoppSafari Extension (iOS) */;
			targetProxy = D093E2E42CAF95C00071EEAC /* PBXContainerItemProxy */;
		};
		D093E2EF2CAF95C00071EEAC /* PBXTargetDependency */ = {
			isa = PBXTargetDependency;
			target = D093E2EB2CAF95C00071EEAC /* radikoppSafari Extension (macOS) */;
			targetProxy = D093E2EE2CAF95C00071EEAC /* PBXContainerItemProxy */;
		};
/* End PBXTargetDependency section */

/* Begin XCBuildConfiguration section */
		D093E3132CAF95C00071EEAC /* Debug */ = {
			isa = XCBuildConfiguration;
			buildSettings = {
				CODE_SIGN_STYLE = Automatic;
				CURRENT_PROJECT_VERSION = 1;
				GENERATE_INFOPLIST_FILE = YES;
				INFOPLIST_FILE = "iOS (Extension)/Info.plist";
				INFOPLIST_KEY_CFBundleDisplayName = "radikoppSafari Extension";
				INFOPLIST_KEY_NSHumanReadableCopyright = "";
				IPHONEOS_DEPLOYMENT_TARGET = 15.0;
				LD_RUNPATH_SEARCH_PATHS = (
					"$(inherited)",
					"@executable_path/Frameworks",
					"@executable_path/../../Frameworks",
				);
				MARKETING_VERSION = 1.0;
				OTHER_LDFLAGS = (
					"-framework",
					SafariServices,
				);
				PRODUCT_BUNDLE_IDENTIFIER = "com.dodai-dodai.safariextension.radikoppSafari.Extension";
				PRODUCT_NAME = "radikoppSafari Extension";
				SDKROOT = iphoneos;
				SKIP_INSTALL = YES;
				SWIFT_EMIT_LOC_STRINGS = YES;
				SWIFT_VERSION = 5.0;
				TARGETED_DEVICE_FAMILY = "1,2";
			};
			name = Debug;
		};
		D093E3142CAF95C00071EEAC /* Release */ = {
			isa = XCBuildConfiguration;
			buildSettings = {
				CODE_SIGN_STYLE = Automatic;
				CURRENT_PROJECT_VERSION = 1;
				GENERATE_INFOPLIST_FILE = YES;
				INFOPLIST_FILE = "iOS (Extension)/Info.plist";
				INFOPLIST_KEY_CFBundleDisplayName = "radikoppSafari Extension";
				INFOPLIST_KEY_NSHumanReadableCopyright = "";
				IPHONEOS_DEPLOYMENT_TARGET = 15.0;
				LD_RUNPATH_SEARCH_PATHS = (
					"$(inherited)",
					"@executable_path/Frameworks",
					"@executable_path/../../Frameworks",
				);
				MARKETING_VERSION = 1.0;
				OTHER_LDFLAGS = (
					"-framework",
					SafariServices,
				);
				PRODUCT_BUNDLE_IDENTIFIER = "com.dodai-dodai.safariextension.radikoppSafari.Extension";
				PRODUCT_NAME = "radikoppSafari Extension";
				SDKROOT = iphoneos;
				SKIP_INSTALL = YES;
				SWIFT_EMIT_LOC_STRINGS = YES;
				SWIFT_VERSION = 5.0;
				TARGETED_DEVICE_FAMILY = "1,2";
				VALIDATE_PRODUCT = YES;
			};
			name = Release;
		};
		D093E3182CAF95C00071EEAC /* Debug */ = {
			isa = XCBuildConfiguration;
			buildSettings = {
				ASSETCATALOG_COMPILER_APPICON_NAME = AppIcon;
				ASSETCATALOG_COMPILER_GLOBAL_ACCENT_COLOR_NAME = AccentColor;
				CODE_SIGN_STYLE = Automatic;
				CURRENT_PROJECT_VERSION = 1;
				GENERATE_INFOPLIST_FILE = YES;
				INFOPLIST_FILE = "iOS (App)/Info.plist";
				INFOPLIST_KEY_CFBundleDisplayName = radikoppSafari;
				INFOPLIST_KEY_UIApplicationSupportsIndirectInputEvents = YES;
				INFOPLIST_KEY_UILaunchStoryboardName = LaunchScreen;
				INFOPLIST_KEY_UIMainStoryboardFile = Main;
				INFOPLIST_KEY_UISupportedInterfaceOrientations = "UIInterfaceOrientationPortrait UIInterfaceOrientationLandscapeLeft UIInterfaceOrientationLandscapeRight";
				INFOPLIST_KEY_UISupportedInterfaceOrientations_iPad = "UIInterfaceOrientationPortrait UIInterfaceOrientationPortraitUpsideDown UIInterfaceOrientationLandscapeLeft UIInterfaceOrientationLandscapeRight";
				IPHONEOS_DEPLOYMENT_TARGET = 15.0;
				LD_RUNPATH_SEARCH_PATHS = (
					"$(inherited)",
					"@executable_path/Frameworks",
				);
				MARKETING_VERSION = 1.0;
				OTHER_LDFLAGS = (
					"-framework",
					SafariServices,
					"-framework",
					WebKit,
				);
				PRODUCT_BUNDLE_IDENTIFIER = "com.dodai-dodai.safariextension.radikoppSafari";
				PRODUCT_NAME = radikoppSafari;
				SDKROOT = iphoneos;
				SWIFT_EMIT_LOC_STRINGS = YES;
				SWIFT_VERSION = 5.0;
				TARGETED_DEVICE_FAMILY = "1,2";
			};
			name = Debug;
		};
		D093E3192CAF95C00071EEAC /* Release */ = {
			isa = XCBuildConfiguration;
			buildSettings = {
				ASSETCATALOG_COMPILER_APPICON_NAME = AppIcon;
				ASSETCATALOG_COMPILER_GLOBAL_ACCENT_COLOR_NAME = AccentColor;
				CODE_SIGN_STYLE = Automatic;
				CURRENT_PROJECT_VERSION = 1;
				GENERATE_INFOPLIST_FILE = YES;
				INFOPLIST_FILE = "iOS (App)/Info.plist";
				INFOPLIST_KEY_CFBundleDisplayName = radikoppSafari;
				INFOPLIST_KEY_UIApplicationSupportsIndirectInputEvents = YES;
				INFOPLIST_KEY_UILaunchStoryboardName = LaunchScreen;
				INFOPLIST_KEY_UIMainStoryboardFile = Main;
				INFOPLIST_KEY_UISupportedInterfaceOrientations = "UIInterfaceOrientationPortrait UIInterfaceOrientationLandscapeLeft UIInterfaceOrientationLandscapeRight";
				INFOPLIST_KEY_UISupportedInterfaceOrientations_iPad = "UIInterfaceOrientationPortrait UIInterfaceOrientationPortraitUpsideDown UIInterfaceOrientationLandscapeLeft UIInterfaceOrientationLandscapeRight";
				IPHONEOS_DEPLOYMENT_TARGET = 15.0;
				LD_RUNPATH_SEARCH_PATHS = (
					"$(inherited)",
					"@executable_path/Frameworks",
				);
				MARKETING_VERSION = 1.0;
				OTHER_LDFLAGS = (
					"-framework",
					SafariServices,
					"-framework",
					WebKit,
				);
				PRODUCT_BUNDLE_IDENTIFIER = "com.dodai-dodai.safariextension.radikoppSafari";
				PRODUCT_NAME = radikoppSafari;
				SDKROOT = iphoneos;
				SWIFT_EMIT_LOC_STRINGS = YES;
				SWIFT_VERSION = 5.0;
				TARGETED_DEVICE_FAMILY = "1,2";
				VALIDATE_PRODUCT = YES;
			};
			name = Release;
		};
		D093E31D2CAF95C00071EEAC /* Debug */ = {
			isa = XCBuildConfiguration;
			buildSettings = {
				CODE_SIGN_ENTITLEMENTS = "macOS (Extension)/radikoppSafari.entitlements";
				CODE_SIGN_STYLE = Automatic;
				CURRENT_PROJECT_VERSION = 1;
				ENABLE_HARDENED_RUNTIME = YES;
				GENERATE_INFOPLIST_FILE = YES;
				INFOPLIST_FILE = "macOS (Extension)/Info.plist";
				INFOPLIST_KEY_CFBundleDisplayName = "radikoppSafari Extension";
				INFOPLIST_KEY_NSHumanReadableCopyright = "";
				LD_RUNPATH_SEARCH_PATHS = (
					"$(inherited)",
					"@executable_path/../Frameworks",
					"@executable_path/../../../../Frameworks",
				);
				MACOSX_DEPLOYMENT_TARGET = 10.14;
				MARKETING_VERSION = 1.0;
				OTHER_LDFLAGS = (
					"-framework",
					SafariServices,
				);
				PRODUCT_BUNDLE_IDENTIFIER = "com.dodai-dodai.safariextension.radikoppSafari.Extension";
				PRODUCT_NAME = "radikoppSafari Extension";
				SDKROOT = macosx;
				SKIP_INSTALL = YES;
				SWIFT_EMIT_LOC_STRINGS = YES;
				SWIFT_VERSION = 5.0;
			};
			name = Debug;
		};
		D093E31E2CAF95C00071EEAC /* Release */ = {
			isa = XCBuildConfiguration;
			buildSettings = {
				CODE_SIGN_ENTITLEMENTS = "macOS (Extension)/radikoppSafari.entitlements";
				CODE_SIGN_STYLE = Automatic;
				CURRENT_PROJECT_VERSION = 1;
				ENABLE_HARDENED_RUNTIME = YES;
				GENERATE_INFOPLIST_FILE = YES;
				INFOPLIST_FILE = "macOS (Extension)/Info.plist";
				INFOPLIST_KEY_CFBundleDisplayName = "radikoppSafari Extension";
				INFOPLIST_KEY_NSHumanReadableCopyright = "";
				LD_RUNPATH_SEARCH_PATHS = (
					"$(inherited)",
					"@executable_path/../Frameworks",
					"@executable_path/../../../../Frameworks",
				);
				MACOSX_DEPLOYMENT_TARGET = 10.14;
				MARKETING_VERSION = 1.0;
				OTHER_LDFLAGS = (
					"-framework",
					SafariServices,
				);
				PRODUCT_BUNDLE_IDENTIFIER = "com.dodai-dodai.safariextension.radikoppSafari.Extension";
				PRODUCT_NAME = "radikoppSafari Extension";
				SDKROOT = macosx;
				SKIP_INSTALL = YES;
				SWIFT_EMIT_LOC_STRINGS = YES;
				SWIFT_VERSION = 5.0;
			};
			name = Release;
		};
		D093E3222CAF95C00071EEAC /* Debug */ = {
			isa = XCBuildConfiguration;
			buildSettings = {
				ASSETCATALOG_COMPILER_APPICON_NAME = AppIcon;
				ASSETCATALOG_COMPILER_GLOBAL_ACCENT_COLOR_NAME = AccentColor;
				CODE_SIGN_ENTITLEMENTS = "macOS (App)/radikoppSafari.entitlements";
				CODE_SIGN_STYLE = Automatic;
				CURRENT_PROJECT_VERSION = 1;
				ENABLE_HARDENED_RUNTIME = YES;
				GENERATE_INFOPLIST_FILE = YES;
				INFOPLIST_KEY_CFBundleDisplayName = radikoppSafari;
				INFOPLIST_KEY_NSMainStoryboardFile = Main;
				INFOPLIST_KEY_NSPrincipalClass = NSApplication;
				LD_RUNPATH_SEARCH_PATHS = (
					"$(inherited)",
					"@executable_path/../Frameworks",
				);
				MACOSX_DEPLOYMENT_TARGET = 10.14;
				MARKETING_VERSION = 1.0;
				OTHER_LDFLAGS = (
					"-framework",
					SafariServices,
					"-framework",
					WebKit,
				);
				PRODUCT_BUNDLE_IDENTIFIER = "com.dodai-dodai.safariextension.radikoppSafari";
				PRODUCT_NAME = radikoppSafari;
				SDKROOT = macosx;
				SWIFT_EMIT_LOC_STRINGS = YES;
				SWIFT_VERSION = 5.0;
			};
			name = Debug;
		};
		D093E3232CAF95C00071EEAC /* Release */ = {
			isa = XCBuildConfiguration;
			buildSettings = {
				ASSETCATALOG_COMPILER_APPICON_NAME = AppIcon;
				ASSETCATALOG_COMPILER_GLOBAL_ACCENT_COLOR_NAME = AccentColor;
				CODE_SIGN_ENTITLEMENTS = "macOS (App)/radikoppSafari.entitlements";
				CODE_SIGN_STYLE = Automatic;
				CURRENT_PROJECT_VERSION = 1;
				ENABLE_HARDENED_RUNTIME = YES;
				GENERATE_INFOPLIST_FILE = YES;
				INFOPLIST_KEY_CFBundleDisplayName = radikoppSafari;
				INFOPLIST_KEY_NSMainStoryboardFile = Main;
				INFOPLIST_KEY_NSPrincipalClass = NSApplication;
				LD_RUNPATH_SEARCH_PATHS = (
					"$(inherited)",
					"@executable_path/../Frameworks",
				);
				MACOSX_DEPLOYMENT_TARGET = 10.14;
				MARKETING_VERSION = 1.0;
				OTHER_LDFLAGS = (
					"-framework",
					SafariServices,
					"-framework",
					WebKit,
				);
				PRODUCT_BUNDLE_IDENTIFIER = "com.dodai-dodai.safariextension.radikoppSafari";
				PRODUCT_NAME = radikoppSafari;
				SDKROOT = macosx;
				SWIFT_EMIT_LOC_STRINGS = YES;
				SWIFT_VERSION = 5.0;
			};
			name = Release;
		};
		D093E3262CAF95C00071EEAC /* Debug */ = {
			isa = XCBuildConfiguration;
			buildSettings = {
				ALWAYS_SEARCH_USER_PATHS = NO;
				ASSETCATALOG_COMPILER_GENERATE_SWIFT_ASSET_SYMBOL_EXTENSIONS = YES;
				CLANG_ANALYZER_NONNULL = YES;
				CLANG_ANALYZER_NUMBER_OBJECT_CONVERSION = YES_AGGRESSIVE;
				CLANG_CXX_LANGUAGE_STANDARD = "gnu++20";
				CLANG_ENABLE_MODULES = YES;
				CLANG_ENABLE_OBJC_ARC = YES;
				CLANG_ENABLE_OBJC_WEAK = YES;
				CLANG_WARN_BLOCK_CAPTURE_AUTORELEASING = YES;
				CLANG_WARN_BOOL_CONVERSION = YES;
				CLANG_WARN_COMMA = YES;
				CLANG_WARN_CONSTANT_CONVERSION = YES;
				CLANG_WARN_DEPRECATED_OBJC_IMPLEMENTATIONS = YES;
				CLANG_WARN_DIRECT_OBJC_ISA_USAGE = YES_ERROR;
				CLANG_WARN_DOCUMENTATION_COMMENTS = YES;
				CLANG_WARN_EMPTY_BODY = YES;
				CLANG_WARN_ENUM_CONVERSION = YES;
				CLANG_WARN_INFINITE_RECURSION = YES;
				CLANG_WARN_INT_CONVERSION = YES;
				CLANG_WARN_NON_LITERAL_NULL_CONVERSION = YES;
				CLANG_WARN_OBJC_IMPLICIT_RETAIN_SELF = YES;
				CLANG_WARN_OBJC_LITERAL_CONVERSION = YES;
				CLANG_WARN_OBJC_ROOT_CLASS = YES_ERROR;
				CLANG_WARN_QUOTED_INCLUDE_IN_FRAMEWORK_HEADER = YES;
				CLANG_WARN_RANGE_LOOP_ANALYSIS = YES;
				CLANG_WARN_STRICT_PROTOTYPES = YES;
				CLANG_WARN_SUSPICIOUS_MOVE = YES;
				CLANG_WARN_UNGUARDED_AVAILABILITY = YES_AGGRESSIVE;
				CLANG_WARN_UNREACHABLE_CODE = YES;
				CLANG_WARN__DUPLICATE_METHOD_MATCH = YES;
				COPY_PHASE_STRIP = NO;
				DEBUG_INFORMATION_FORMAT = dwarf;
				ENABLE_STRICT_OBJC_MSGSEND = YES;
				ENABLE_TESTABILITY = YES;
				ENABLE_USER_SCRIPT_SANDBOXING = YES;
				GCC_C_LANGUAGE_STANDARD = gnu17;
				GCC_DYNAMIC_NO_PIC = NO;
				GCC_NO_COMMON_BLOCKS = YES;
				GCC_OPTIMIZATION_LEVEL = 0;
				GCC_PREPROCESSOR_DEFINITIONS = (
					"DEBUG=1",
					"$(inherited)",
				);
				GCC_WARN_64_TO_32_BIT_CONVERSION = YES;
				GCC_WARN_ABOUT_RETURN_TYPE = YES_ERROR;
				GCC_WARN_UNDECLARED_SELECTOR = YES;
				GCC_WARN_UNINITIALIZED_AUTOS = YES_AGGRESSIVE;
				GCC_WARN_UNUSED_FUNCTION = YES;
				GCC_WARN_UNUSED_VARIABLE = YES;
				LOCALIZATION_PREFERS_STRING_CATALOGS = YES;
				MTL_ENABLE_DEBUG_INFO = INCLUDE_SOURCE;
				MTL_FAST_MATH = YES;
				ONLY_ACTIVE_ARCH = YES;
				SWIFT_ACTIVE_COMPILATION_CONDITIONS = "DEBUG $(inherited)";
				SWIFT_OPTIMIZATION_LEVEL = "-Onone";
			};
			name = Debug;
		};
		D093E3272CAF95C00071EEAC /* Release */ = {
			isa = XCBuildConfiguration;
			buildSettings = {
				ALWAYS_SEARCH_USER_PATHS = NO;
				ASSETCATALOG_COMPILER_GENERATE_SWIFT_ASSET_SYMBOL_EXTENSIONS = YES;
				CLANG_ANALYZER_NONNULL = YES;
				CLANG_ANALYZER_NUMBER_OBJECT_CONVERSION = YES_AGGRESSIVE;
				CLANG_CXX_LANGUAGE_STANDARD = "gnu++20";
				CLANG_ENABLE_MODULES = YES;
				CLANG_ENABLE_OBJC_ARC = YES;
				CLANG_ENABLE_OBJC_WEAK = YES;
				CLANG_WARN_BLOCK_CAPTURE_AUTORELEASING = YES;
				CLANG_WARN_BOOL_CONVERSION = YES;
				CLANG_WARN_COMMA = YES;
				CLANG_WARN_CONSTANT_CONVERSION = YES;
				CLANG_WARN_DEPRECATED_OBJC_IMPLEMENTATIONS = YES;
				CLANG_WARN_DIRECT_OBJC_ISA_USAGE = YES_ERROR;
				CLANG_WARN_DOCUMENTATION_COMMENTS = YES;
				CLANG_WARN_EMPTY_BODY = YES;
				CLANG_WARN_ENUM_CONVERSION = YES;
				CLANG_WARN_INFINITE_RECURSION = YES;
				CLANG_WARN_INT_CONVERSION = YES;
				CLANG_WARN_NON_LITERAL_NULL_CONVERSION = YES;
				CLANG_WARN_OBJC_IMPLICIT_RETAIN_SELF = YES;
				CLANG_WARN_OBJC_LITERAL_CONVERSION = YES;
				CLANG_WARN_OBJC_ROOT_CLASS = YES_ERROR;
				CLANG_WARN_QUOTED_INCLUDE_IN_FRAMEWORK_HEADER = YES;
				CLANG_WARN_RANGE_LOOP_ANALYSIS = YES;
				CLANG_WARN_STRICT_PROTOTYPES = YES;
				CLANG_WARN_SUSPICIOUS_MOVE = YES;
				CLANG_WARN_UNGUARDED_AVAILABILITY = YES_AGGRESSIVE;
				CLANG_WARN_UNREACHABLE_CODE = YES;
				CLANG_WARN__DUPLICATE_METHOD_MATCH = YES;
				COPY_PHASE_STRIP = NO;
				DEBUG_INFORMATION_FORMAT = "dwarf-with-dsym";
				ENABLE_NS_ASSERTIONS = NO;
				ENABLE_STRICT_OBJC_MSGSEND = YES;
				ENABLE_USER_SCRIPT_SANDBOXING = YES;
				GCC_C_LANGUAGE_STANDARD = gnu17;
				GCC_NO_COMMON_BLOCKS = YES;
				GCC_WARN_64_TO_32_BIT_CONVERSION = YES;
				GCC_WARN_ABOUT_RETURN_TYPE = YES_ERROR;
				GCC_WARN_UNDECLARED_SELECTOR = YES;
				GCC_WARN_UNINITIALIZED_AUTOS = YES_AGGRESSIVE;
				GCC_WARN_UNUSED_FUNCTION = YES;
				GCC_WARN_UNUSED_VARIABLE = YES;
				LOCALIZATION_PREFERS_STRING_CATALOGS = YES;
				MTL_ENABLE_DEBUG_INFO = NO;
				MTL_FAST_MATH = YES;
				SWIFT_COMPILATION_MODE = wholemodule;
			};
			name = Release;
		};
/* End XCBuildConfiguration section */

/* Begin XCConfigurationList section */
		D093E2AB2CAF95BE0071EEAC /* Build configuration list for PBXProject "radikoppSafari" */ = {
			isa = XCConfigurationList;
			buildConfigurations = (
				D093E3262CAF95C00071EEAC /* Debug */,
				D093E3272CAF95C00071EEAC /* Release */,
			);
			defaultConfigurationIsVisible = 0;
			defaultConfigurationName = Release;
		};
		D093E3122CAF95C00071EEAC /* Build configuration list for PBXNativeTarget "radikoppSafari Extension (iOS)" */ = {
			isa = XCConfigurationList;
			buildConfigurations = (
				D093E3132CAF95C00071EEAC /* Debug */,
				D093E3142CAF95C00071EEAC /* Release */,
			);
			defaultConfigurationIsVisible = 0;
			defaultConfigurationName = Release;
		};
		D093E3172CAF95C00071EEAC /* Build configuration list for PBXNativeTarget "radikoppSafari (iOS)" */ = {
			isa = XCConfigurationList;
			buildConfigurations = (
				D093E3182CAF95C00071EEAC /* Debug */,
				D093E3192CAF95C00071EEAC /* Release */,
			);
			defaultConfigurationIsVisible = 0;
			defaultConfigurationName = Release;
		};
		D093E31C2CAF95C00071EEAC /* Build configuration list for PBXNativeTarget "radikoppSafari Extension (macOS)" */ = {
			isa = XCConfigurationList;
			buildConfigurations = (
				D093E31D2CAF95C00071EEAC /* Debug */,
				D093E31E2CAF95C00071EEAC /* Release */,
			);
			defaultConfigurationIsVisible = 0;
			defaultConfigurationName = Release;
		};
		D093E3212CAF95C00071EEAC /* Build configuration list for PBXNativeTarget "radikoppSafari (macOS)" */ = {
			isa = XCConfigurationList;
			buildConfigurations = (
				D093E3222CAF95C00071EEAC /* Debug */,
				D093E3232CAF95C00071EEAC /* Release */,
			);
			defaultConfigurationIsVisible = 0;
			defaultConfigurationName = Release;
		};
/* End XCConfigurationList section */
	};
	rootObject = D093E2A82CAF95BE0071EEAC /* Project object */;
}
